
Microsoft Visual Studio Solution File, Format Version 12.00
# Visual Studio Version 17
VisualStudioVersion = 17.7.34024.191
MinimumVisualStudioVersion = 10.0.40219.1
Project("{FAE04EC0-301F-11D3-BF4B-00C04F79EFBC}") = "Science Centre concert", "Science Centre concert.csproj", "{7277888B-A5E0-46DA-B584-65B810A36F90}"
EndProject
Global
	GlobalSection(SolutionConfigurationPlatforms) = preSolution
		Debug|Any CPU = Debug|Any CPU
		Release|Any CPU = Release|Any CPU
	EndGlobalSection
	GlobalSection(ProjectConfigurationPlatforms) = postSolution
		{7277888B-A5E0-46DA-B584-65B810A36F90}.Debug|Any CPU.ActiveCfg = Debug|Any CPU
		{7277888B-A5E0-46DA-B584-65B810A36F90}.Debug|Any CPU.Build.0 = Debug|Any CPU
		{7277888B-A5E0-46DA-B584-65B810A36F90}.Release|Any CPU.ActiveCfg = Release|Any CPU
		{7277888B-A5E0-46DA-B584-65B810A36F90}.Release|Any CPU.Build.0 = Release|Any CPU
	EndGlobalSection
	GlobalSection(SolutionProperties) = preSolution
		HideSolutionNode = FALSE
	EndGlobalSection
	GlobalSection(ExtensibilityGlobals) = postSolution
		SolutionGuid = {135501DE-BF00-4772-8A46-6D5C88807337}
	EndGlobalSection
EndGlobal
